
Microsoft Visual Studio Solution File, Format Version 12.00
# Visual Studio Version 17
VisualStudioVersion = 17.9.34728.123
MinimumVisualStudioVersion = 10.0.40219.1
Project("{FAE04EC0-301F-11D3-BF4B-00C04F79EFBC}") = "PrimerScript", "PrimerScript\PrimerScript.csproj", "{E3AD7904-ED34-48C9-9218-20ACB5A55024}"
EndProject
Global
	GlobalSection(SolutionConfigurationPlatforms) = preSolution
		Debug|Any CPU = Debug|Any CPU
		Release|Any CPU = Release|Any CPU
	EndGlobalSection
	GlobalSection(ProjectConfigurationPlatforms) = postSolution
		{E3AD7904-ED34-48C9-9218-20ACB5A55024}.Debug|Any CPU.ActiveCfg = Debug|Any CPU
		{E3AD7904-ED34-48C9-9218-20ACB5A55024}.Debug|Any CPU.Build.0 = Debug|Any CPU
		{E3AD7904-ED34-48C9-9218-20ACB5A55024}.Release|Any CPU.ActiveCfg = Release|Any CPU
		{E3AD7904-ED34-48C9-9218-20ACB5A55024}.Release|Any CPU.Build.0 = Release|Any CPU
	EndGlobalSection
	GlobalSection(SolutionProperties) = preSolution
		HideSolutionNode = FALSE
	EndGlobalSection
	GlobalSection(ExtensibilityGlobals) = postSolution
		SolutionGuid = {D9544CCA-2B9D-4523-BC34-1F74E66653A2}
	EndGlobalSection
EndGlobal
