
Microsoft Visual Studio Solution File, Format Version 12.00
# Visual Studio Version 17
VisualStudioVersion = 17.9.34728.123
MinimumVisualStudioVersion = 10.0.40219.1
Project("{FAE04EC0-301F-11D3-BF4B-00C04F79EFBC}") = "Metodos", "Metodos\Metodos.csproj", "{CE5BD304-E670-4291-A1B8-344FAED7C314}"
EndProject
Global
	GlobalSection(SolutionConfigurationPlatforms) = preSolution
		Debug|Any CPU = Debug|Any CPU
		Release|Any CPU = Release|Any CPU
	EndGlobalSection
	GlobalSection(ProjectConfigurationPlatforms) = postSolution
		{CE5BD304-E670-4291-A1B8-344FAED7C314}.Debug|Any CPU.ActiveCfg = Debug|Any CPU
		{CE5BD304-E670-4291-A1B8-344FAED7C314}.Debug|Any CPU.Build.0 = Debug|Any CPU
		{CE5BD304-E670-4291-A1B8-344FAED7C314}.Release|Any CPU.ActiveCfg = Release|Any CPU
		{CE5BD304-E670-4291-A1B8-344FAED7C314}.Release|Any CPU.Build.0 = Release|Any CPU
	EndGlobalSection
	GlobalSection(SolutionProperties) = preSolution
		HideSolutionNode = FALSE
	EndGlobalSection
	GlobalSection(ExtensibilityGlobals) = postSolution
		SolutionGuid = {4A09D8CC-B892-4EE8-A234-9B3646B5BE66}
	EndGlobalSection
EndGlobal
